
Microsoft Visual Studio Solution File, Format Version 12.00
# Visual Studio Version 17
VisualStudioVersion = 17.14.36518.9 d17.14
MinimumVisualStudioVersion = 10.0.40219.1
Project("{FAE04EC0-301F-11D3-BF4B-00C04F79EFBC}") = "DemoApp2025Autumn", "DemoApp2025Autumn\DemoApp2025Autumn.csproj", "{5E03790E-BF0D-4923-AB81-1942F9283A0F}"
EndProject
Global
	GlobalSection(SolutionConfigurationPlatforms) = preSolution
		Debug|Any CPU = Debug|Any CPU
		Release|Any CPU = Release|Any CPU
	EndGlobalSection
	GlobalSection(ProjectConfigurationPlatforms) = postSolution
		{5E03790E-BF0D-4923-AB81-1942F9283A0F}.Debug|Any CPU.ActiveCfg = Debug|Any CPU
		{5E03790E-BF0D-4923-AB81-1942F9283A0F}.Debug|Any CPU.Build.0 = Debug|Any CPU
		{5E03790E-BF0D-4923-AB81-1942F9283A0F}.Release|Any CPU.ActiveCfg = Release|Any CPU
		{5E03790E-BF0D-4923-AB81-1942F9283A0F}.Release|Any CPU.Build.0 = Release|Any CPU
	EndGlobalSection
	GlobalSection(SolutionProperties) = preSolution
		HideSolutionNode = FALSE
	EndGlobalSection
	GlobalSection(ExtensibilityGlobals) = postSolution
		SolutionGuid = {643561CC-45F2-4D99-8EB9-3B862378489B}
	EndGlobalSection
EndGlobal
